// !$*UTF8*$!
{
	archiveVersion = 1;
	classes = {
	};
	objectVersion = 51;
	objects = {

/* Begin PBXBuildFile section */
		209332B8244B17E90084BB48 /* MapKit.framework in Frameworks */ = {isa = PBXBuildFile; fileRef = 209332B7244B17E90084BB48 /* MapKit.framework */; };
		840837DB8D9753CE953B6BD1 /* MapViewController.swift in Sources */ = {isa = PBXBuildFile; fileRef = 84083BCDD6E402D47A4CE32C /* MapViewController.swift */; };
		84083C32A1AA608170563DB7 /* GroupCell.swift in Sources */ = {isa = PBXBuildFile; fileRef = 84083311BBFB5922312C7A02 /* GroupCell.swift */; };
		84083FB019E0EDEA9EB6A69A /* GroupTableViewController.swift in Sources */ = {isa = PBXBuildFile; fileRef = 840831B229F8191CD136AE24 /* GroupTableViewController.swift */; };
		84BB25BB241980D700ED6A60 /* HomeViewController.swift in Sources */ = {isa = PBXBuildFile; fileRef = 84BB25BA241980D700ED6A60 /* HomeViewController.swift */; };
		84BB25BD2419841700ED6A60 /* ProfileViewController.swift in Sources */ = {isa = PBXBuildFile; fileRef = 84BB25BC2419841700ED6A60 /* ProfileViewController.swift */; };
		84ECFC372438F7E9005A3DFF /* User.swift in Sources */ = {isa = PBXBuildFile; fileRef = 84ECFC362438F7E9005A3DFF /* User.swift */; };
		84ECFC392439084E005A3DFF /* Group.swift in Sources */ = {isa = PBXBuildFile; fileRef = 84ECFC382439084E005A3DFF /* Group.swift */; };
		84ECFC3B24390975005A3DFF /* GroupViewController.swift in Sources */ = {isa = PBXBuildFile; fileRef = 84ECFC3A24390975005A3DFF /* GroupViewController.swift */; };
		84F9B66A241926A90007FFB6 /* AppDelegate.swift in Sources */ = {isa = PBXBuildFile; fileRef = 84F9B669241926A90007FFB6 /* AppDelegate.swift */; };
		84F9B66C241926A90007FFB6 /* SceneDelegate.swift in Sources */ = {isa = PBXBuildFile; fileRef = 84F9B66B241926A90007FFB6 /* SceneDelegate.swift */; };
		84F9B66E241926A90007FFB6 /* LoginController.swift in Sources */ = {isa = PBXBuildFile; fileRef = 84F9B66D241926A90007FFB6 /* LoginController.swift */; };
		84F9B671241926A90007FFB6 /* Main.storyboard in Resources */ = {isa = PBXBuildFile; fileRef = 84F9B66F241926A90007FFB6 /* Main.storyboard */; };
		84F9B673241926AC0007FFB6 /* Assets.xcassets in Resources */ = {isa = PBXBuildFile; fileRef = 84F9B672241926AC0007FFB6 /* Assets.xcassets */; };
		84F9B676241926AC0007FFB6 /* LaunchScreen.storyboard in Resources */ = {isa = PBXBuildFile; fileRef = 84F9B674241926AC0007FFB6 /* LaunchScreen.storyboard */; };
		AB121CA647D5027A5A5A6478 /* Pods_meetapp.framework in Frameworks */ = {isa = PBXBuildFile; fileRef = 92CCCD54270BB877A373F971 /* Pods_meetapp.framework */; };
		EE89A9E0244AF6F000BAF01B /* Errors.swift in Sources */ = {isa = PBXBuildFile; fileRef = EE89A9DF244AF6F000BAF01B /* Errors.swift */; };
		EE89A9E2244B0D0600BAF01B /* Helper.swift in Sources */ = {isa = PBXBuildFile; fileRef = EE89A9E1244B0D0600BAF01B /* Helper.swift */; };
		EE89A9E4244B1DCE00BAF01B /* Configuration.swift in Sources */ = {isa = PBXBuildFile; fileRef = EE89A9E3244B1DCE00BAF01B /* Configuration.swift */; };
		EEA28DCD24420CA700E2231E /* GoogleService-Info.plist in Resources */ = {isa = PBXBuildFile; fileRef = EEA28DCC24420CA700E2231E /* GoogleService-Info.plist */; };
		EEA28DD324488BD600E2231E /* DB.swift in Sources */ = {isa = PBXBuildFile; fileRef = EEA28DD224488BD600E2231E /* DB.swift */; };
/* End PBXBuildFile section */

/* Begin PBXFileReference section */
		209332B7244B17E90084BB48 /* MapKit.framework */ = {isa = PBXFileReference; lastKnownFileType = wrapper.framework; name = MapKit.framework; path = System/Library/Frameworks/MapKit.framework; sourceTree = SDKROOT; };
		840831B229F8191CD136AE24 /* GroupTableViewController.swift */ = {isa = PBXFileReference; fileEncoding = 4; lastKnownFileType = sourcecode.swift; path = GroupTableViewController.swift; sourceTree = "<group>"; };
		84083311BBFB5922312C7A02 /* GroupCell.swift */ = {isa = PBXFileReference; fileEncoding = 4; lastKnownFileType = sourcecode.swift; path = GroupCell.swift; sourceTree = "<group>"; };
		84083BCDD6E402D47A4CE32C /* MapViewController.swift */ = {isa = PBXFileReference; fileEncoding = 4; lastKnownFileType = sourcecode.swift; path = MapViewController.swift; sourceTree = "<group>"; };
		84BB25BA241980D700ED6A60 /* HomeViewController.swift */ = {isa = PBXFileReference; lastKnownFileType = sourcecode.swift; path = HomeViewController.swift; sourceTree = "<group>"; };
		84BB25BC2419841700ED6A60 /* ProfileViewController.swift */ = {isa = PBXFileReference; lastKnownFileType = sourcecode.swift; path = ProfileViewController.swift; sourceTree = "<group>"; };
		84ECFC362438F7E9005A3DFF /* User.swift */ = {isa = PBXFileReference; lastKnownFileType = sourcecode.swift; path = User.swift; sourceTree = "<group>"; };
		84ECFC382439084E005A3DFF /* Group.swift */ = {isa = PBXFileReference; lastKnownFileType = sourcecode.swift; path = Group.swift; sourceTree = "<group>"; };
		84ECFC3A24390975005A3DFF /* GroupViewController.swift */ = {isa = PBXFileReference; lastKnownFileType = sourcecode.swift; path = GroupViewController.swift; sourceTree = "<group>"; };
		84F9B666241926A90007FFB6 /* meetapp.app */ = {isa = PBXFileReference; explicitFileType = wrapper.application; includeInIndex = 0; path = meetapp.app; sourceTree = BUILT_PRODUCTS_DIR; };
		84F9B669241926A90007FFB6 /* AppDelegate.swift */ = {isa = PBXFileReference; lastKnownFileType = sourcecode.swift; path = AppDelegate.swift; sourceTree = "<group>"; };
		84F9B66B241926A90007FFB6 /* SceneDelegate.swift */ = {isa = PBXFileReference; lastKnownFileType = sourcecode.swift; path = SceneDelegate.swift; sourceTree = "<group>"; };
		84F9B66D241926A90007FFB6 /* LoginController.swift */ = {isa = PBXFileReference; lastKnownFileType = sourcecode.swift; path = LoginController.swift; sourceTree = "<group>"; };
		84F9B670241926A90007FFB6 /* Base */ = {isa = PBXFileReference; lastKnownFileType = file.storyboard; name = Base; path = Base.lproj/Main.storyboard; sourceTree = "<group>"; };
		84F9B672241926AC0007FFB6 /* Assets.xcassets */ = {isa = PBXFileReference; lastKnownFileType = folder.assetcatalog; path = Assets.xcassets; sourceTree = "<group>"; };
		84F9B675241926AC0007FFB6 /* Base */ = {isa = PBXFileReference; lastKnownFileType = file.storyboard; name = Base; path = Base.lproj/LaunchScreen.storyboard; sourceTree = "<group>"; };
		84F9B677241926AC0007FFB6 /* Info.plist */ = {isa = PBXFileReference; lastKnownFileType = text.plist.xml; path = Info.plist; sourceTree = "<group>"; };
		904569036A272499107123E6 /* Pods-meetapp.debug.xcconfig */ = {isa = PBXFileReference; includeInIndex = 1; lastKnownFileType = text.xcconfig; name = "Pods-meetapp.debug.xcconfig"; path = "Target Support Files/Pods-meetapp/Pods-meetapp.debug.xcconfig"; sourceTree = "<group>"; };
		92CCCD54270BB877A373F971 /* Pods_meetapp.framework */ = {isa = PBXFileReference; explicitFileType = wrapper.framework; includeInIndex = 0; path = Pods_meetapp.framework; sourceTree = BUILT_PRODUCTS_DIR; };
		A433CFDC79275C52290181F4 /* Pods-meetapp.release.xcconfig */ = {isa = PBXFileReference; includeInIndex = 1; lastKnownFileType = text.xcconfig; name = "Pods-meetapp.release.xcconfig"; path = "Target Support Files/Pods-meetapp/Pods-meetapp.release.xcconfig"; sourceTree = "<group>"; };
		EE89A9DF244AF6F000BAF01B /* Errors.swift */ = {isa = PBXFileReference; lastKnownFileType = sourcecode.swift; path = Errors.swift; sourceTree = "<group>"; };
		EE89A9E1244B0D0600BAF01B /* Helper.swift */ = {isa = PBXFileReference; lastKnownFileType = sourcecode.swift; path = Helper.swift; sourceTree = "<group>"; };
		EE89A9E3244B1DCE00BAF01B /* Configuration.swift */ = {isa = PBXFileReference; lastKnownFileType = sourcecode.swift; path = Configuration.swift; sourceTree = "<group>"; };
		EEA28DCC24420CA700E2231E /* GoogleService-Info.plist */ = {isa = PBXFileReference; fileEncoding = 4; lastKnownFileType = text.plist.xml; path = "GoogleService-Info.plist"; sourceTree = "<group>"; };
		EEA28DD224488BD600E2231E /* DB.swift */ = {isa = PBXFileReference; lastKnownFileType = sourcecode.swift; path = DB.swift; sourceTree = "<group>"; };
/* End PBXFileReference section */

/* Begin PBXFrameworksBuildPhase section */
		84F9B663241926A90007FFB6 /* Frameworks */ = {
			isa = PBXFrameworksBuildPhase;
			buildActionMask = 2147483647;
			files = (
				209332B8244B17E90084BB48 /* MapKit.framework in Frameworks */,
				AB121CA647D5027A5A5A6478 /* Pods_meetapp.framework in Frameworks */,
			);
			runOnlyForDeploymentPostprocessing = 0;
		};
/* End PBXFrameworksBuildPhase section */

/* Begin PBXGroup section */
		2312FDACDDC60BF54E679730 /* Frameworks */ = {
			isa = PBXGroup;
			children = (
				209332B7244B17E90084BB48 /* MapKit.framework */,
				92CCCD54270BB877A373F971 /* Pods_meetapp.framework */,
			);
			name = Frameworks;
			sourceTree = "<group>";
		};
		84F9B65D241926A90007FFB6 = {
			isa = PBXGroup;
			children = (
				84F9B668241926A90007FFB6 /* meetapp */,
				84F9B667241926A90007FFB6 /* Products */,
				D58FC265C052692D03D24560 /* Pods */,
				2312FDACDDC60BF54E679730 /* Frameworks */,
			);
			sourceTree = "<group>";
		};
		84F9B667241926A90007FFB6 /* Products */ = {
			isa = PBXGroup;
			children = (
				84F9B666241926A90007FFB6 /* meetapp.app */,
			);
			name = Products;
			sourceTree = "<group>";
		};
		84F9B668241926A90007FFB6 /* meetapp */ = {
			isa = PBXGroup;
			children = (
				EE89A9DE244AF32A00BAF01B /* Controllers */,
				EEA28DD424488DBD00E2231E /* Models */,
				EEA28DD124488BC400E2231E /* SupportFiles */,
				84F9B669241926A90007FFB6 /* AppDelegate.swift */,
				84F9B66B241926A90007FFB6 /* SceneDelegate.swift */,
				84F9B66F241926A90007FFB6 /* Main.storyboard */,
				84F9B672241926AC0007FFB6 /* Assets.xcassets */,
				84F9B674241926AC0007FFB6 /* LaunchScreen.storyboard */,
				EEA28DCC24420CA700E2231E /* GoogleService-Info.plist */,
				84F9B677241926AC0007FFB6 /* Info.plist */,
			);
			path = meetapp;
			sourceTree = "<group>";
		};
		D58FC265C052692D03D24560 /* Pods */ = {
			isa = PBXGroup;
			children = (
				904569036A272499107123E6 /* Pods-meetapp.debug.xcconfig */,
				A433CFDC79275C52290181F4 /* Pods-meetapp.release.xcconfig */,
			);
			path = Pods;
			sourceTree = "<group>";
		};
		EE89A9DE244AF32A00BAF01B /* Controllers */ = {
			isa = PBXGroup;
			children = (
				84F9B66D241926A90007FFB6 /* LoginController.swift */,
				84BB25BA241980D700ED6A60 /* HomeViewController.swift */,
				84BB25BC2419841700ED6A60 /* ProfileViewController.swift */,
				84ECFC3A24390975005A3DFF /* GroupViewController.swift */,
				840831B229F8191CD136AE24 /* GroupTableViewController.swift */,
				84083BCDD6E402D47A4CE32C /* MapViewController.swift */,
			);
			path = Controllers;
			sourceTree = "<group>";
		};
		EEA28DD124488BC400E2231E /* SupportFiles */ = {
			isa = PBXGroup;
			children = (
				EEA28DD224488BD600E2231E /* DB.swift */,
				EE89A9DF244AF6F000BAF01B /* Errors.swift */,
				EE89A9E1244B0D0600BAF01B /* Helper.swift */,
				EE89A9E3244B1DCE00BAF01B /* Configuration.swift */,
			);
			path = SupportFiles;
			sourceTree = "<group>";
		};
		EEA28DD424488DBD00E2231E /* Models */ = {
			isa = PBXGroup;
			children = (
				84ECFC362438F7E9005A3DFF /* User.swift */,
				84ECFC382439084E005A3DFF /* Group.swift */,
				84083311BBFB5922312C7A02 /* GroupCell.swift */,
			);
			path = Models;
			sourceTree = "<group>";
		};
/* End PBXGroup section */

/* Begin PBXNativeTarget section */
		84F9B665241926A90007FFB6 /* meetapp */ = {
			isa = PBXNativeTarget;
			buildConfigurationList = 84F9B690241926AD0007FFB6 /* Build configuration list for PBXNativeTarget "meetapp" */;
			buildPhases = (
				81C86F259FBF1EDB9CC6D504 /* [CP] Check Pods Manifest.lock */,
				84F9B662241926A90007FFB6 /* Sources */,
				84F9B663241926A90007FFB6 /* Frameworks */,
				84F9B664241926A90007FFB6 /* Resources */,
				050FEB3A8E2DDBF73B5084AD /* [CP] Embed Pods Frameworks */,
				81DACF72E0AC45E19FC97346 /* [CP] Copy Pods Resources */,
			);
			buildRules = (
			);
			dependencies = (
			);
			name = meetapp;
			productName = meetapp;
			productReference = 84F9B666241926A90007FFB6 /* meetapp.app */;
			productType = "com.apple.product-type.application";
		};
/* End PBXNativeTarget section */

/* Begin PBXProject section */
		84F9B65E241926A90007FFB6 /* Project object */ = {
			isa = PBXProject;
			attributes = {
				LastSwiftUpdateCheck = 1120;
				LastUpgradeCheck = 1120;
				ORGANIZATIONNAME = admin;
				TargetAttributes = {
					84F9B665241926A90007FFB6 = {
						CreatedOnToolsVersion = 11.2;
					};
				};
			};
			buildConfigurationList = 84F9B661241926A90007FFB6 /* Build configuration list for PBXProject "meetapp" */;
			compatibilityVersion = "Xcode 9.3";
			developmentRegion = en;
			hasScannedForEncodings = 0;
			knownRegions = (
				en,
				Base,
			);
			mainGroup = 84F9B65D241926A90007FFB6;
			productRefGroup = 84F9B667241926A90007FFB6 /* Products */;
			projectDirPath = "";
			projectRoot = "";
			targets = (
				84F9B665241926A90007FFB6 /* meetapp */,
			);
		};
/* End PBXProject section */

/* Begin PBXResourcesBuildPhase section */
		84F9B664241926A90007FFB6 /* Resources */ = {
			isa = PBXResourcesBuildPhase;
			buildActionMask = 2147483647;
			files = (
				84F9B676241926AC0007FFB6 /* LaunchScreen.storyboard in Resources */,
				EEA28DCD24420CA700E2231E /* GoogleService-Info.plist in Resources */,
				84F9B673241926AC0007FFB6 /* Assets.xcassets in Resources */,
				84F9B671241926A90007FFB6 /* Main.storyboard in Resources */,
			);
			runOnlyForDeploymentPostprocessing = 0;
		};
/* End PBXResourcesBuildPhase section */

/* Begin PBXShellScriptBuildPhase section */
		050FEB3A8E2DDBF73B5084AD /* [CP] Embed Pods Frameworks */ = {
			isa = PBXShellScriptBuildPhase;
			buildActionMask = 2147483647;
			files = (
			);
			inputFileListPaths = (
				"${PODS_ROOT}/Target Support Files/Pods-meetapp/Pods-meetapp-frameworks-${CONFIGURATION}-input-files.xcfilelist",
			);
			name = "[CP] Embed Pods Frameworks";
			outputFileListPaths = (
				"${PODS_ROOT}/Target Support Files/Pods-meetapp/Pods-meetapp-frameworks-${CONFIGURATION}-output-files.xcfilelist",
			);
			runOnlyForDeploymentPostprocessing = 0;
			shellPath = /bin/sh;
			shellScript = "\"${PODS_ROOT}/Target Support Files/Pods-meetapp/Pods-meetapp-frameworks.sh\"\n";
			showEnvVarsInLog = 0;
		};
		81C86F259FBF1EDB9CC6D504 /* [CP] Check Pods Manifest.lock */ = {
			isa = PBXShellScriptBuildPhase;
			buildActionMask = 2147483647;
			files = (
			);
			inputFileListPaths = (
			);
			inputPaths = (
				"${PODS_PODFILE_DIR_PATH}/Podfile.lock",
				"${PODS_ROOT}/Manifest.lock",
			);
			name = "[CP] Check Pods Manifest.lock";
			outputFileListPaths = (
			);
			outputPaths = (
				"$(DERIVED_FILE_DIR)/Pods-meetapp-checkManifestLockResult.txt",
			);
			runOnlyForDeploymentPostprocessing = 0;
			shellPath = /bin/sh;
			shellScript = "diff \"${PODS_PODFILE_DIR_PATH}/Podfile.lock\" \"${PODS_ROOT}/Manifest.lock\" > /dev/null\nif [ $? != 0 ] ; then\n    # print error to STDERR\n    echo \"error: The sandbox is not in sync with the Podfile.lock. Run 'pod install' or update your CocoaPods installation.\" >&2\n    exit 1\nfi\n# This output is used by Xcode 'outputs' to avoid re-running this script phase.\necho \"SUCCESS\" > \"${SCRIPT_OUTPUT_FILE_0}\"\n";
			showEnvVarsInLog = 0;
		};
		81DACF72E0AC45E19FC97346 /* [CP] Copy Pods Resources */ = {
			isa = PBXShellScriptBuildPhase;
			buildActionMask = 2147483647;
			files = (
			);
			inputFileListPaths = (
				"${PODS_ROOT}/Target Support Files/Pods-meetapp/Pods-meetapp-resources-${CONFIGURATION}-input-files.xcfilelist",
			);
			name = "[CP] Copy Pods Resources";
			outputFileListPaths = (
				"${PODS_ROOT}/Target Support Files/Pods-meetapp/Pods-meetapp-resources-${CONFIGURATION}-output-files.xcfilelist",
			);
			runOnlyForDeploymentPostprocessing = 0;
			shellPath = /bin/sh;
			shellScript = "\"${PODS_ROOT}/Target Support Files/Pods-meetapp/Pods-meetapp-resources.sh\"\n";
			showEnvVarsInLog = 0;
		};
/* End PBXShellScriptBuildPhase section */

/* Begin PBXSourcesBuildPhase section */
		84F9B662241926A90007FFB6 /* Sources */ = {
			isa = PBXSourcesBuildPhase;
			buildActionMask = 2147483647;
			files = (
				84ECFC3B24390975005A3DFF /* GroupViewController.swift in Sources */,
				84ECFC392439084E005A3DFF /* Group.swift in Sources */,
				EE89A9E4244B1DCE00BAF01B /* Configuration.swift in Sources */,
				EEA28DD324488BD600E2231E /* DB.swift in Sources */,
				84F9B66E241926A90007FFB6 /* LoginController.swift in Sources */,
				84ECFC372438F7E9005A3DFF /* User.swift in Sources */,
				84F9B66A241926A90007FFB6 /* AppDelegate.swift in Sources */,
				EE89A9E0244AF6F000BAF01B /* Errors.swift in Sources */,
				84BB25BD2419841700ED6A60 /* ProfileViewController.swift in Sources */,
				84F9B66C241926A90007FFB6 /* SceneDelegate.swift in Sources */,
				84BB25BB241980D700ED6A60 /* HomeViewController.swift in Sources */,
				EE89A9E2244B0D0600BAF01B /* Helper.swift in Sources */,
				84083FB019E0EDEA9EB6A69A /* GroupTableViewController.swift in Sources */,
				84083C32A1AA608170563DB7 /* GroupCell.swift in Sources */,
				840837DB8D9753CE953B6BD1 /* MapViewController.swift in Sources */,
			);
			runOnlyForDeploymentPostprocessing = 0;
		};
/* End PBXSourcesBuildPhase section */

/* Begin PBXVariantGroup section */
		84F9B66F241926A90007FFB6 /* Main.storyboard */ = {
			isa = PBXVariantGroup;
			children = (
				84F9B670241926A90007FFB6 /* Base */,
			);
			name = Main.storyboard;
			sourceTree = "<group>";
		};
		84F9B674241926AC0007FFB6 /* LaunchScreen.storyboard */ = {
			isa = PBXVariantGroup;
			children = (
				84F9B675241926AC0007FFB6 /* Base */,
			);
			name = LaunchScreen.storyboard;
			sourceTree = "<group>";
		};
/* End PBXVariantGroup section */

/* Begin XCBuildConfiguration section */
		84F9B68E241926AD0007FFB6 /* Debug */ = {
			isa = XCBuildConfiguration;
			buildSettings = {
				ALWAYS_SEARCH_USER_PATHS = NO;
				CLANG_ANALYZER_NONNULL = YES;
				CLANG_ANALYZER_NUMBER_OBJECT_CONVERSION = YES_AGGRESSIVE;
				CLANG_CXX_LANGUAGE_STANDARD = "gnu++14";
				CLANG_CXX_LIBRARY = "libc++";
				CLANG_ENABLE_MODULES = YES;
				CLANG_ENABLE_OBJC_ARC = YES;
				CLANG_ENABLE_OBJC_WEAK = YES;
				CLANG_WARN_BLOCK_CAPTURE_AUTORELEASING = YES;
				CLANG_WARN_BOOL_CONVERSION = YES;
				CLANG_WARN_COMMA = YES;
				CLANG_WARN_CONSTANT_CONVERSION = YES;
				CLANG_WARN_DEPRECATED_OBJC_IMPLEMENTATIONS = YES;
				CLANG_WARN_DIRECT_OBJC_ISA_USAGE = YES_ERROR;
				CLANG_WARN_DOCUMENTATION_COMMENTS = YES;
				CLANG_WARN_EMPTY_BODY = YES;
				CLANG_WARN_ENUM_CONVERSION = YES;
				CLANG_WARN_INFINITE_RECURSION = YES;
				CLANG_WARN_INT_CONVERSION = YES;
				CLANG_WARN_NON_LITERAL_NULL_CONVERSION = YES;
				CLANG_WARN_OBJC_IMPLICIT_RETAIN_SELF = YES;
				CLANG_WARN_OBJC_LITERAL_CONVERSION = YES;
				CLANG_WARN_OBJC_ROOT_CLASS = YES_ERROR;
				CLANG_WARN_RANGE_LOOP_ANALYSIS = YES;
				CLANG_WARN_STRICT_PROTOTYPES = YES;
				CLANG_WARN_SUSPICIOUS_MOVE = YES;
				CLANG_WARN_UNGUARDED_AVAILABILITY = YES_AGGRESSIVE;
				CLANG_WARN_UNREACHABLE_CODE = YES;
				CLANG_WARN__DUPLICATE_METHOD_MATCH = YES;
				COPY_PHASE_STRIP = NO;
				DEBUG_INFORMATION_FORMAT = dwarf;
				ENABLE_STRICT_OBJC_MSGSEND = YES;
				ENABLE_TESTABILITY = YES;
				GCC_C_LANGUAGE_STANDARD = gnu11;
				GCC_DYNAMIC_NO_PIC = NO;
				GCC_NO_COMMON_BLOCKS = YES;
				GCC_OPTIMIZATION_LEVEL = 0;
				GCC_PREPROCESSOR_DEFINITIONS = (
					"DEBUG=1",
					"$(inherited)",
				);
				GCC_WARN_64_TO_32_BIT_CONVERSION = YES;
				GCC_WARN_ABOUT_RETURN_TYPE = YES_ERROR;
				GCC_WARN_UNDECLARED_SELECTOR = YES;
				GCC_WARN_UNINITIALIZED_AUTOS = YES_AGGRESSIVE;
				GCC_WARN_UNUSED_FUNCTION = YES;
				GCC_WARN_UNUSED_VARIABLE = YES;
				IPHONEOS_DEPLOYMENT_TARGET = 13.2;
				MTL_ENABLE_DEBUG_INFO = INCLUDE_SOURCE;
				MTL_FAST_MATH = YES;
				ONLY_ACTIVE_ARCH = YES;
				SDKROOT = iphoneos;
				SWIFT_ACTIVE_COMPILATION_CONDITIONS = DEBUG;
				SWIFT_OPTIMIZATION_LEVEL = "-Onone";
			};
			name = Debug;
		};
		84F9B68F241926AD0007FFB6 /* Release */ = {
			isa = XCBuildConfiguration;
			buildSettings = {
				ALWAYS_SEARCH_USER_PATHS = NO;
				CLANG_ANALYZER_NONNULL = YES;
				CLANG_ANALYZER_NUMBER_OBJECT_CONVERSION = YES_AGGRESSIVE;
				CLANG_CXX_LANGUAGE_STANDARD = "gnu++14";
				CLANG_CXX_LIBRARY = "libc++";
				CLANG_ENABLE_MODULES = YES;
				CLANG_ENABLE_OBJC_ARC = YES;
				CLANG_ENABLE_OBJC_WEAK = YES;
				CLANG_WARN_BLOCK_CAPTURE_AUTORELEASING = YES;
				CLANG_WARN_BOOL_CONVERSION = YES;
				CLANG_WARN_COMMA = YES;
				CLANG_WARN_CONSTANT_CONVERSION = YES;
				CLANG_WARN_DEPRECATED_OBJC_IMPLEMENTATIONS = YES;
				CLANG_WARN_DIRECT_OBJC_ISA_USAGE = YES_ERROR;
				CLANG_WARN_DOCUMENTATION_COMMENTS = YES;
				CLANG_WARN_EMPTY_BODY = YES;
				CLANG_WARN_ENUM_CONVERSION = YES;
				CLANG_WARN_INFINITE_RECURSION = YES;
				CLANG_WARN_INT_CONVERSION = YES;
				CLANG_WARN_NON_LITERAL_NULL_CONVERSION = YES;
				CLANG_WARN_OBJC_IMPLICIT_RETAIN_SELF = YES;
				CLANG_WARN_OBJC_LITERAL_CONVERSION = YES;
				CLANG_WARN_OBJC_ROOT_CLASS = YES_ERROR;
				CLANG_WARN_RANGE_LOOP_ANALYSIS = YES;
				CLANG_WARN_STRICT_PROTOTYPES = YES;
				CLANG_WARN_SUSPICIOUS_MOVE = YES;
				CLANG_WARN_UNGUARDED_AVAILABILITY = YES_AGGRESSIVE;
				CLANG_WARN_UNREACHABLE_CODE = YES;
				CLANG_WARN__DUPLICATE_METHOD_MATCH = YES;
				COPY_PHASE_STRIP = NO;
				DEBUG_INFORMATION_FORMAT = "dwarf-with-dsym";
				ENABLE_NS_ASSERTIONS = NO;
				ENABLE_STRICT_OBJC_MSGSEND = YES;
				GCC_C_LANGUAGE_STANDARD = gnu11;
				GCC_NO_COMMON_BLOCKS = YES;
				GCC_WARN_64_TO_32_BIT_CONVERSION = YES;
				GCC_WARN_ABOUT_RETURN_TYPE = YES_ERROR;
				GCC_WARN_UNDECLARED_SELECTOR = YES;
				GCC_WARN_UNINITIALIZED_AUTOS = YES_AGGRESSIVE;
				GCC_WARN_UNUSED_FUNCTION = YES;
				GCC_WARN_UNUSED_VARIABLE = YES;
				IPHONEOS_DEPLOYMENT_TARGET = 13.2;
				MTL_ENABLE_DEBUG_INFO = NO;
				MTL_FAST_MATH = YES;
				SDKROOT = iphoneos;
				SWIFT_COMPILATION_MODE = wholemodule;
				SWIFT_OPTIMIZATION_LEVEL = "-O";
				VALIDATE_PRODUCT = YES;
			};
			name = Release;
		};
		84F9B691241926AD0007FFB6 /* Debug */ = {
			isa = XCBuildConfiguration;
			baseConfigurationReference = 904569036A272499107123E6 /* Pods-meetapp.debug.xcconfig */;
			buildSettings = {
				ASSETCATALOG_COMPILER_APPICON_NAME = AppIcon;
				CODE_SIGN_STYLE = Automatic;
				INFOPLIST_FILE = meetapp/Info.plist;
				LD_RUNPATH_SEARCH_PATHS = (
					"$(inherited)",
					"@executable_path/Frameworks",
				);
				PRODUCT_BUNDLE_IDENTIFIER = meetapp.meetapp;
				PRODUCT_NAME = "$(TARGET_NAME)";
				SWIFT_VERSION = 5.0;
				TARGETED_DEVICE_FAMILY = 1;
			};
			name = Debug;
		};
		84F9B692241926AD0007FFB6 /* Release */ = {
			isa = XCBuildConfiguration;
			baseConfigurationReference = A433CFDC79275C52290181F4 /* Pods-meetapp.release.xcconfig */;
			buildSettings = {
				ASSETCATALOG_COMPILER_APPICON_NAME = AppIcon;
				CODE_SIGN_STYLE = Automatic;
				INFOPLIST_FILE = meetapp/Info.plist;
				LD_RUNPATH_SEARCH_PATHS = (
					"$(inherited)",
					"@executable_path/Frameworks",
				);
				PRODUCT_BUNDLE_IDENTIFIER = meetapp.meetapp;
				PRODUCT_NAME = "$(TARGET_NAME)";
				SWIFT_VERSION = 5.0;
				TARGETED_DEVICE_FAMILY = 1;
			};
			name = Release;
		};
/* End XCBuildConfiguration section */

/* Begin XCConfigurationList section */
		84F9B661241926A90007FFB6 /* Build configuration list for PBXProject "meetapp" */ = {
			isa = XCConfigurationList;
			buildConfigurations = (
				84F9B68E241926AD0007FFB6 /* Debug */,
				84F9B68F241926AD0007FFB6 /* Release */,
			);
			defaultConfigurationIsVisible = 0;
			defaultConfigurationName = Release;
		};
		84F9B690241926AD0007FFB6 /* Build configuration list for PBXNativeTarget "meetapp" */ = {
			isa = XCConfigurationList;
			buildConfigurations = (
				84F9B691241926AD0007FFB6 /* Debug */,
				84F9B692241926AD0007FFB6 /* Release */,
			);
			defaultConfigurationIsVisible = 0;
			defaultConfigurationName = Release;
		};
/* End XCConfigurationList section */
	};
	rootObject = 84F9B65E241926A90007FFB6 /* Project object */;
}
